
Microsoft Visual Studio Solution File, Format Version 12.00
# Visual Studio Version 16
VisualStudioVersion = 16.0.28729.10
MinimumVisualStudioVersion = 10.0.40219.1
Project("{F184B08F-C81C-45F6-A57F-5ABD9991F28F}") = "Bookeda - My Online Library Dashboard", "Bookeda - My Online Library Dashboard.vbproj", "{AE35C7BD-7BDB-4814-81A1-34AEAC88B7D6}"
EndProject
Global
	GlobalSection(SolutionConfigurationPlatforms) = preSolution
		Debug|Any CPU = Debug|Any CPU
		Release|Any CPU = Release|Any CPU
	EndGlobalSection
	GlobalSection(ProjectConfigurationPlatforms) = postSolution
		{AE35C7BD-7BDB-4814-81A1-34AEAC88B7D6}.Debug|Any CPU.ActiveCfg = Debug|Any CPU
		{AE35C7BD-7BDB-4814-81A1-34AEAC88B7D6}.Debug|Any CPU.Build.0 = Debug|Any CPU
		{AE35C7BD-7BDB-4814-81A1-34AEAC88B7D6}.Release|Any CPU.ActiveCfg = Release|Any CPU
		{AE35C7BD-7BDB-4814-81A1-34AEAC88B7D6}.Release|Any CPU.Build.0 = Release|Any CPU
	EndGlobalSection
	GlobalSection(SolutionProperties) = preSolution
		HideSolutionNode = FALSE
	EndGlobalSection
	GlobalSection(ExtensibilityGlobals) = postSolution
		SolutionGuid = {23521FD1-1300-4C04-B6DF-9EB12727AD52}
	EndGlobalSection
EndGlobal
